<?xml version="1.0" encoding="utf-8"?>
<Project ToolsVersion="4.0" xmlns="http://schemas.microsoft.com/developer/msbuild/2003">
  <ItemGroup>
    <Filter Include="99.Default">
      <UniqueIdentifier>{f4c4146c-a89f-428a-8bd0-cca021dd1537}</UniqueIdentifier>
    </Filter>
    <Filter Include="00.MainApp">
      <UniqueIdentifier>{af1b88cc-51e6-4212-9bd8-a251a7249e28}</UniqueIdentifier>
    </Filter>
    <Filter Include="01.GameObject">
      <UniqueIdentifier>{87e46ac7-3bfd-4a75-811e-018e06322fd0}</UniqueIdentifier>
    </Filter>
    <Filter Include="01.GameObject\00.Player">
      <UniqueIdentifier>{add5aaf5-d5df-4c6a-8a4d-96e33a6294cd}</UniqueIdentifier>
    </Filter>
    <Filter Include="01.GameObject\Manager">
      <UniqueIdentifier>{857e856b-477e-4922-bc89-84a0b5a0f689}</UniqueIdentifier>
    </Filter>
    <Filter Include="02.Scene">
      <UniqueIdentifier>{72f1f2ee-ba5e-4dd5-b8d2-60204f788cd9}</UniqueIdentifier>
    </Filter>
    <Filter Include="02.Scene\Stage">
      <UniqueIdentifier>{c3cee2f2-50e0-4be3-bff7-0bf5c22d6336}</UniqueIdentifier>
    </Filter>
    <Filter Include="02.Scene\Manager">
      <UniqueIdentifier>{88d8c28c-dd79-4a5f-b325-49a3b62c8a9c}</UniqueIdentifier>
    </Filter>
    <Filter Include="01.GameObject\01.Terrain">
      <UniqueIdentifier>{242273b9-2dcb-4faf-a970-92e1118ce60f}</UniqueIdentifier>
    </Filter>
    <Filter Include="03.Texture">
      <UniqueIdentifier>{8efc0ad0-d9fe-4f68-9a6c-702559d30b6d}</UniqueIdentifier>
    </Filter>
    <Filter Include="03.Texture\Multi_Texture">
      <UniqueIdentifier>{3cc7d3d1-caef-4d40-b558-fc4792ed5e70}</UniqueIdentifier>
    </Filter>
    <Filter Include="03.Texture\Single_Texture">
      <UniqueIdentifier>{335ad5b0-f580-4887-b785-5c4ae4e4ee6e}</UniqueIdentifier>
    </Filter>
    <Filter Include="03.Texture\Manager">
      <UniqueIdentifier>{21e5a76b-75dd-44b0-b7f3-fe33b1b4f21c}</UniqueIdentifier>
    </Filter>
    <Filter Include="04.Graphic_device">
      <UniqueIdentifier>{440f3e9f-bf2a-4438-adad-90cab8e331a7}</UniqueIdentifier>
    </Filter>
    <Filter Include="05.Scroll_Manager">
      <UniqueIdentifier>{994ff52c-41f2-4a99-9b6e-bee98f5d943a}</UniqueIdentifier>
    </Filter>
    <Filter Include="06.Time_Manager">
      <UniqueIdentifier>{4d597918-4cd0-45de-b220-c97b09064120}</UniqueIdentifier>
    </Filter>
    <Filter Include="07.Frame_Manager">
      <UniqueIdentifier>{486a97e0-c53e-48b2-b4af-d6ca991c60c6}</UniqueIdentifier>
    </Filter>
    <Filter Include="01.GameObject\00.Player\A%2aManager">
      <UniqueIdentifier>{c66ebe20-0ee9-4e03-b635-7d8603fb1f40}</UniqueIdentifier>
    </Filter>
    <Filter Include="99.ClientFuntion">
      <UniqueIdentifier>{a535afad-98a5-4753-8b81-7e2667bdec82}</UniqueIdentifier>
    </Filter>
    <Filter Include="01.GameObject\Enemy">
      <UniqueIdentifier>{f67ac511-974c-4c9f-923d-58415c175913}</UniqueIdentifier>
    </Filter>
    <Filter Include="Manager">
      <UniqueIdentifier>{315d6f6a-8c16-4607-931d-15042814e985}</UniqueIdentifier>
    </Filter>
    <Filter Include="02.Scene\BattleScene">
      <UniqueIdentifier>{76ef2f78-5a3f-45da-a29a-91ea3067376e}</UniqueIdentifier>
    </Filter>
    <Filter Include="UI">
      <UniqueIdentifier>{f601b751-e486-48ef-bb71-58b3bc07e8a5}</UniqueIdentifier>
    </Filter>
    <Filter Include="UI\Manager">
      <UniqueIdentifier>{7d272db8-6b9a-443c-8faf-0d6cc9910f3d}</UniqueIdentifier>
    </Filter>
    <Filter Include="02.Scene\Title">
      <UniqueIdentifier>{1575a4dd-f912-479f-b584-848452742815}</UniqueIdentifier>
    </Filter>
    <Filter Include="02.Scene\Dialog">
      <UniqueIdentifier>{7dbbbd73-46bd-451d-96e3-2c0deab90e15}</UniqueIdentifier>
    </Filter>
    <Filter Include="Effect">
      <UniqueIdentifier>{2aca936d-4352-4566-969f-bbd62ee0e0ec}</UniqueIdentifier>
    </Filter>
    <Filter Include="01.GameObject\Env">
      <UniqueIdentifier>{fb0cf4d5-efb8-4b7a-813a-33209f96a62e}</UniqueIdentifier>
    </Filter>
    <Filter Include="02.Scene\ShopScene">
      <UniqueIdentifier>{10a3eeca-168a-4656-a818-8adfea9962dc}</UniqueIdentifier>
    </Filter>
    <Filter Include="SoundManager">
      <UniqueIdentifier>{c076474e-353e-4aec-8f47-04fc5efcce1d}</UniqueIdentifier>
    </Filter>
  </ItemGroup>
  <ItemGroup>
    <ClInclude Include="Client.h">
      <Filter>99.Default</Filter>
    </ClInclude>
    <ClInclude Include="Resource.h">
      <Filter>99.Default</Filter>
    </ClInclude>
    <ClInclude Include="stdafx.h">
      <Filter>99.Default</Filter>
    </ClInclude>
    <ClInclude Include="targetver.h">
      <Filter>99.Default</Filter>
    </ClInclude>
    <ClInclude Include="MainApp.h">
      <Filter>00.MainApp</Filter>
    </ClInclude>
    <ClInclude Include="GameObject.h">
      <Filter>01.GameObject</Filter>
    </ClInclude>
    <ClInclude Include="Player.h">
      <Filter>01.GameObject\00.Player</Filter>
    </ClInclude>
    <ClInclude Include="GameObject_Manager.h">
      <Filter>01.GameObject\Manager</Filter>
    </ClInclude>
    <ClInclude Include="Scene.h">
      <Filter>02.Scene</Filter>
    </ClInclude>
    <ClInclude Include="Stage.h">
      <Filter>02.Scene\Stage</Filter>
    </ClInclude>
    <ClInclude Include="Texture.h">
      <Filter>03.Texture</Filter>
    </ClInclude>
    <ClInclude Include="Multi_Texture.h">
      <Filter>03.Texture\Multi_Texture</Filter>
    </ClInclude>
    <ClInclude Include="Single_Texture.h">
      <Filter>03.Texture\Single_Texture</Filter>
    </ClInclude>
    <ClInclude Include="Texture_Manager.h">
      <Filter>03.Texture\Manager</Filter>
    </ClInclude>
    <ClInclude Include="Scene_Manager.h">
      <Filter>02.Scene\Manager</Filter>
    </ClInclude>
    <ClInclude Include="Terrain.h">
      <Filter>01.GameObject\01.Terrain</Filter>
    </ClInclude>
    <ClInclude Include="Graphic_Device.h">
      <Filter>04.Graphic_device</Filter>
    </ClInclude>
    <ClInclude Include="Scroll_Manager.h">
      <Filter>05.Scroll_Manager</Filter>
    </ClInclude>
    <ClInclude Include="Time_Manager.h">
      <Filter>06.Time_Manager</Filter>
    </ClInclude>
    <ClInclude Include="Frame_Manager.h">
      <Filter>07.Frame_Manager</Filter>
    </ClInclude>
    <ClInclude Include="AStar_Manager.h">
      <Filter>01.GameObject\00.Player\A%2aManager</Filter>
    </ClInclude>
    <ClInclude Include="Collider.h" />
    <ClInclude Include="ClientFunction.h">
      <Filter>99.ClientFuntion</Filter>
    </ClInclude>
    <ClInclude Include="Key_Manager.h">
      <Filter>Manager</Filter>
    </ClInclude>
    <ClInclude Include="Combat_Manager.h">
      <Filter>Manager</Filter>
    </ClInclude>
    <ClInclude Include="Collision_Manager.h">
      <Filter>Manager</Filter>
    </ClInclude>
    <ClInclude Include="Enemy.h">
      <Filter>01.GameObject\Enemy</Filter>
    </ClInclude>
    <ClInclude Include="BattleScene.h">
      <Filter>02.Scene\BattleScene</Filter>
    </ClInclude>
    <ClInclude Include="AnimClip_Manager.h">
      <Filter>Manager</Filter>
    </ClInclude>
    <ClInclude Include="Spawn_Manager.h">
      <Filter>Manager</Filter>
    </ClInclude>
    <ClInclude Include="UI_Subject.h">
      <Filter>UI</Filter>
    </ClInclude>
    <ClInclude Include="MyButton.h">
      <Filter>UI</Filter>
    </ClInclude>
    <ClInclude Include="UI_Observer.h">
      <Filter>UI</Filter>
    </ClInclude>
    <ClInclude Include="UI_Status.h">
      <Filter>UI</Filter>
    </ClInclude>
    <ClInclude Include="UI_Manager.h">
      <Filter>UI\Manager</Filter>
    </ClInclude>
    <ClInclude Include="Title.h">
      <Filter>02.Scene\Title</Filter>
    </ClInclude>
    <ClInclude Include="DialogScene.h">
      <Filter>02.Scene\Dialog</Filter>
    </ClInclude>
    <ClInclude Include="Dialog_Manager.h">
      <Filter>Manager</Filter>
    </ClInclude>
    <ClInclude Include="Effect_Manager.h">
      <Filter>Effect</Filter>
    </ClInclude>
    <ClInclude Include="Effect_Digit.h">
      <Filter>Effect</Filter>
    </ClInclude>
    <ClInclude Include="EffectFlash.h">
      <Filter>Effect</Filter>
    </ClInclude>
    <ClInclude Include="EnvObject.h">
      <Filter>01.GameObject\Env</Filter>
    </ClInclude>
    <ClInclude Include="Game_Manager.h" />
    <ClInclude Include="StageB.h">
      <Filter>02.Scene\Stage</Filter>
    </ClInclude>
    <ClInclude Include="StageC.h">
      <Filter>02.Scene\Stage</Filter>
    </ClInclude>
    <ClInclude Include="UI_UnitMenu.h">
      <Filter>UI</Filter>
    </ClInclude>
    <ClInclude Include="UI_Object.h">
      <Filter>UI</Filter>
    </ClInclude>
    <ClInclude Include="Item.h" />
    <ClInclude Include="UI_Inventory.h">
      <Filter>UI</Filter>
    </ClInclude>
    <ClInclude Include="ShopScene.h">
      <Filter>02.Scene\ShopScene</Filter>
    </ClInclude>
    <ClInclude Include="Effect.h">
      <Filter>Effect</Filter>
    </ClInclude>
    <ClInclude Include="SoundMgr.h">
      <Filter>SoundManager</Filter>
    </ClInclude>
  </ItemGroup>
  <ItemGroup>
    <ClCompile Include="Client.cpp">
      <Filter>99.Default</Filter>
    </ClCompile>
    <ClCompile Include="stdafx.cpp">
      <Filter>99.Default</Filter>
    </ClCompile>
    <ClCompile Include="MainApp.cpp">
      <Filter>00.MainApp</Filter>
    </ClCompile>
    <ClCompile Include="GameObject.cpp">
      <Filter>01.GameObject</Filter>
    </ClCompile>
    <ClCompile Include="Player.cpp">
      <Filter>01.GameObject\00.Player</Filter>
    </ClCompile>
    <ClCompile Include="GameObject_Manager.cpp">
      <Filter>01.GameObject\Manager</Filter>
    </ClCompile>
    <ClCompile Include="Scene.cpp">
      <Filter>02.Scene</Filter>
    </ClCompile>
    <ClCompile Include="Stage.cpp">
      <Filter>02.Scene\Stage</Filter>
    </ClCompile>
    <ClCompile Include="Texture.cpp">
      <Filter>03.Texture</Filter>
    </ClCompile>
    <ClCompile Include="Multi_Texture.cpp">
      <Filter>03.Texture\Multi_Texture</Filter>
    </ClCompile>
    <ClCompile Include="Single_Texture.cpp">
      <Filter>03.Texture\Single_Texture</Filter>
    </ClCompile>
    <ClCompile Include="Texture_Manager.cpp">
      <Filter>03.Texture\Manager</Filter>
    </ClCompile>
    <ClCompile Include="Scene_Manager.cpp">
      <Filter>02.Scene\Manager</Filter>
    </ClCompile>
    <ClCompile Include="Terrain.cpp">
      <Filter>01.GameObject\01.Terrain</Filter>
    </ClCompile>
    <ClCompile Include="Graphic_Device.cpp">
      <Filter>04.Graphic_device</Filter>
    </ClCompile>
    <ClCompile Include="Scroll_Manager.cpp">
      <Filter>05.Scroll_Manager</Filter>
    </ClCompile>
    <ClCompile Include="Time_Manager.cpp">
      <Filter>06.Time_Manager</Filter>
    </ClCompile>
    <ClCompile Include="Frame_Manager.cpp">
      <Filter>07.Frame_Manager</Filter>
    </ClCompile>
    <ClCompile Include="AStar_Manager.cpp">
      <Filter>01.GameObject\00.Player\A%2aManager</Filter>
    </ClCompile>
    <ClCompile Include="Collider.cpp" />
    <ClCompile Include="Key_Manager.cpp">
      <Filter>Manager</Filter>
    </ClCompile>
    <ClCompile Include="Combat_Manager.cpp">
      <Filter>Manager</Filter>
    </ClCompile>
    <ClCompile Include="Collision_Manager.cpp">
      <Filter>Manager</Filter>
    </ClCompile>
    <ClCompile Include="Enemy.cpp">
      <Filter>01.GameObject\Enemy</Filter>
    </ClCompile>
    <ClCompile Include="BattleScene.cpp">
      <Filter>02.Scene\BattleScene</Filter>
    </ClCompile>
    <ClCompile Include="AnimClip_Manager.cpp">
      <Filter>Manager</Filter>
    </ClCompile>
    <ClCompile Include="Spawn_Manager.cpp">
      <Filter>Manager</Filter>
    </ClCompile>
    <ClCompile Include="MyButton.cpp">
      <Filter>UI</Filter>
    </ClCompile>
    <ClCompile Include="UI_Observer.cpp">
      <Filter>UI</Filter>
    </ClCompile>
    <ClCompile Include="UI_Status.cpp">
      <Filter>UI</Filter>
    </ClCompile>
    <ClCompile Include="UI_Subject.cpp">
      <Filter>UI</Filter>
    </ClCompile>
    <ClCompile Include="UI_Manager.cpp">
      <Filter>UI\Manager</Filter>
    </ClCompile>
    <ClCompile Include="Title.cpp">
      <Filter>02.Scene\Title</Filter>
    </ClCompile>
    <ClCompile Include="DialogScene.cpp">
      <Filter>02.Scene\Dialog</Filter>
    </ClCompile>
    <ClCompile Include="Dialog_Manager.cpp">
      <Filter>Manager</Filter>
    </ClCompile>
    <ClCompile Include="Effect_Digit.cpp">
      <Filter>Effect</Filter>
    </ClCompile>
    <ClCompile Include="Effect_Manager.cpp">
      <Filter>Effect</Filter>
    </ClCompile>
    <ClCompile Include="EffectFlash.cpp">
      <Filter>Effect</Filter>
    </ClCompile>
    <ClCompile Include="EnvObject.cpp">
      <Filter>01.GameObject\Env</Filter>
    </ClCompile>
    <ClCompile Include="Game_Manager.cpp" />
    <ClCompile Include="StageB.cpp">
      <Filter>02.Scene\Stage</Filter>
    </ClCompile>
    <ClCompile Include="StageC.cpp">
      <Filter>02.Scene\Stage</Filter>
    </ClCompile>
    <ClCompile Include="UI_UnitMenu.cpp">
      <Filter>UI</Filter>
    </ClCompile>
    <ClCompile Include="UI_Object.cpp">
      <Filter>UI</Filter>
    </ClCompile>
    <ClCompile Include="Item.cpp" />
    <ClCompile Include="UI_Inventory.cpp">
      <Filter>UI</Filter>
    </ClCompile>
    <ClCompile Include="ShopScene.cpp">
      <Filter>02.Scene\ShopScene</Filter>
    </ClCompile>
    <ClCompile Include="Effect.cpp">
      <Filter>Effect</Filter>
    </ClCompile>
    <ClCompile Include="SoundMgr.cpp">
      <Filter>SoundManager</Filter>
    </ClCompile>
  </ItemGroup>
  <ItemGroup>
    <Image Include="Client.ico">
      <Filter>99.Default</Filter>
    </Image>
    <Image Include="small.ico">
      <Filter>99.Default</Filter>
    </Image>
  </ItemGroup>
  <ItemGroup>
    <ResourceCompile Include="Client.rc">
      <Filter>99.Default</Filter>
    </ResourceCompile>
  </ItemGroup>
  <ItemGroup>
    <Text Include="ReadMe.txt">
      <Filter>99.Default</Filter>
    </Text>
  </ItemGroup>
</Project>